Microsoft Visual Studio Solution File, Format Version 12.00
# Visual Studio Version 17
VisualStudioVersion = 17.0.31903.59
MinimumVisualStudioVersion = 10.0.40219.1
Project("{9A19103F-16F7-4668-BE54-9A1E7A4F7556}") = "8Bitten.Core", "src\Core\8Bitten.Core.csproj", "{A1B2C3D4-E5F6-7890-ABCD-EF1234567890}"
EndProject
Project("{9A19103F-16F7-4668-BE54-9A1E7A4F7556}") = "8Bitten.Infrastructure", "src\Infrastructure\8Bitten.Infrastructure.csproj", "{B2C3D4E5-F6G7-8901-BCDE-F23456789012}"
EndProject
Project("{9A19103F-16F7-4668-BE54-9A1E7A4F7556}") = "8Bitten.Interfaces", "src\Interfaces\8Bitten.Interfaces.csproj", "{C3D4E5F6-G7H8-9012-CDEF-345678901234}"
EndProject
Project("{9A19103F-16F7-4668-BE54-9A1E7A4F7556}") = "8Bitten.Console.Headless", "src\Emulator.Console\Headless\8Bitten.Console.Headless.csproj", "{D4E5F6G7-H8I9-0123-DEF0-456789012345}"
EndProject
Project("{9A19103F-16F7-4668-BE54-9A1E7A4F7556}") = "8Bitten.Console.CLI", "src\Emulator.Console\CLI\8Bitten.Console.CLI.csproj", "{E5F6G7H8-I9J0-1234-EF01-567890123456}"
EndProject
Project("{9A19103F-16F7-4668-BE54-9A1E7A4F7556}") = "8Bitten.Console.GUI", "src\Emulator.Console\GUI\8Bitten.Console.GUI.csproj", "{F6G7H8I9-J0K1-2345-F012-678901234567}"
EndProject
Project("{2150E333-8FDC-42A3-9474-1A3956D46DE8}") = "Tests", "Tests", "{01234567-89AB-CDEF-0123-456789ABCDEF}"
EndProject
Project("{9A19103F-16F7-4668-BE54-9A1E7A4F7556}") = "8Bitten.Tests.Unit", "tests\Unit\8Bitten.Tests.Unit.csproj", "{12345678-9ABC-DEF0-1234-56789ABCDEF0}"
EndProject
Project("{9A19103F-16F7-4668-BE54-9A1E7A4F7556}") = "8Bitten.Tests.Integration", "tests\Integration\8Bitten.Tests.Integration.csproj", "{23456789-ABCD-EF01-2345-6789ABCDEF01}"
EndProject
Global
	GlobalSection(SolutionConfigurationPlatforms) = preSolution
		Debug|Any CPU = Debug|Any CPU
		Release|Any CPU = Release|Any CPU
	EndGlobalSection
	GlobalSection(ProjectConfigurationPlatforms) = postSolution
		{A1B2C3D4-E5F6-7890-ABCD-EF1234567890}.Debug|Any CPU.ActiveCfg = Debug|Any CPU
		{A1B2C3D4-E5F6-7890-ABCD-EF1234567890}.Debug|Any CPU.Build.0 = Debug|Any CPU
		{A1B2C3D4-E5F6-7890-ABCD-EF1234567890}.Release|Any CPU.ActiveCfg = Release|Any CPU
		{A1B2C3D4-E5F6-7890-ABCD-EF1234567890}.Release|Any CPU.Build.0 = Release|Any CPU
		{B2C3D4E5-F6G7-8901-BCDE-F23456789012}.Debug|Any CPU.ActiveCfg = Debug|Any CPU
		{B2C3D4E5-F6G7-8901-BCDE-F23456789012}.Debug|Any CPU.Build.0 = Debug|Any CPU
		{B2C3D4E5-F6G7-8901-BCDE-F23456789012}.Release|Any CPU.ActiveCfg = Release|Any CPU
		{B2C3D4E5-F6G7-8901-BCDE-F23456789012}.Release|Any CPU.Build.0 = Release|Any CPU
		{C3D4E5F6-G7H8-9012-CDEF-345678901234}.Debug|Any CPU.ActiveCfg = Debug|Any CPU
		{C3D4E5F6-G7H8-9012-CDEF-345678901234}.Debug|Any CPU.Build.0 = Debug|Any CPU
		{C3D4E5F6-G7H8-9012-CDEF-345678901234}.Release|Any CPU.ActiveCfg = Release|Any CPU
		{C3D4E5F6-G7H8-9012-CDEF-345678901234}.Release|Any CPU.Build.0 = Release|Any CPU
		{D4E5F6G7-H8I9-0123-DEF0-456789012345}.Debug|Any CPU.ActiveCfg = Debug|Any CPU
		{D4E5F6G7-H8I9-0123-DEF0-456789012345}.Debug|Any CPU.Build.0 = Debug|Any CPU
		{D4E5F6G7-H8I9-0123-DEF0-456789012345}.Release|Any CPU.ActiveCfg = Release|Any CPU
		{D4E5F6G7-H8I9-0123-DEF0-456789012345}.Release|Any CPU.Build.0 = Release|Any CPU
		{E5F6G7H8-I9J0-1234-EF01-567890123456}.Debug|Any CPU.ActiveCfg = Debug|Any CPU
		{E5F6G7H8-I9J0-1234-EF01-567890123456}.Debug|Any CPU.Build.0 = Debug|Any CPU
		{E5F6G7H8-I9J0-1234-EF01-567890123456}.Release|Any CPU.ActiveCfg = Release|Any CPU
		{E5F6G7H8-I9J0-1234-EF01-567890123456}.Release|Any CPU.Build.0 = Release|Any CPU
		{F6G7H8I9-J0K1-2345-F012-678901234567}.Debug|Any CPU.ActiveCfg = Debug|Any CPU
		{F6G7H8I9-J0K1-2345-F012-678901234567}.Debug|Any CPU.Build.0 = Debug|Any CPU
		{F6G7H8I9-J0K1-2345-F012-678901234567}.Release|Any CPU.ActiveCfg = Release|Any CPU
		{F6G7H8I9-J0K1-2345-F012-678901234567}.Release|Any CPU.Build.0 = Release|Any CPU
		{12345678-9ABC-DEF0-1234-56789ABCDEF0}.Debug|Any CPU.ActiveCfg = Debug|Any CPU
		{12345678-9ABC-DEF0-1234-56789ABCDEF0}.Debug|Any CPU.Build.0 = Debug|Any CPU
		{12345678-9ABC-DEF0-1234-56789ABCDEF0}.Release|Any CPU.ActiveCfg = Release|Any CPU
		{12345678-9ABC-DEF0-1234-56789ABCDEF0}.Release|Any CPU.Build.0 = Release|Any CPU
		{23456789-ABCD-EF01-2345-6789ABCDEF01}.Debug|Any CPU.ActiveCfg = Debug|Any CPU
		{23456789-ABCD-EF01-2345-6789ABCDEF01}.Debug|Any CPU.Build.0 = Debug|Any CPU
		{23456789-ABCD-EF01-2345-6789ABCDEF01}.Release|Any CPU.ActiveCfg = Release|Any CPU
		{23456789-ABCD-EF01-2345-6789ABCDEF01}.Release|Any CPU.Build.0 = Release|Any CPU
	EndGlobalSection
	GlobalSection(SolutionProperties) = preSolution
		HideSolutionNode = FALSE
	EndGlobalSection
	GlobalSection(NestedProjects) = preSolution
		{12345678-9ABC-DEF0-1234-56789ABCDEF0} = {01234567-89AB-CDEF-0123-456789ABCDEF}
		{23456789-ABCD-EF01-2345-6789ABCDEF01} = {01234567-89AB-CDEF-0123-456789ABCDEF}
	EndGlobalSection
	GlobalSection(ExtensibilityGlobals) = postSolution
		SolutionGuid = {87654321-FEDC-BA09-8765-4321FEDCBA09}
	EndGlobalSection
EndGlobal
